
Microsoft Visual Studio Solution File, Format Version 12.00
# Visual Studio Version 17
VisualStudioVersion = 17.6.33723.286
MinimumVisualStudioVersion = 10.0.40219.1
Project("{FAE04EC0-301F-11D3-BF4B-00C04F79EFBC}") = "ChemikPoliceApp", "ChemikPoliceApp\ChemikPoliceApp.csproj", "{719C1794-50A0-44E9-95EC-7378AB43BA10}"
EndProject
Global
	GlobalSection(SolutionConfigurationPlatforms) = preSolution
		Debug|Any CPU = Debug|Any CPU
		Release|Any CPU = Release|Any CPU
	EndGlobalSection
	GlobalSection(ProjectConfigurationPlatforms) = postSolution
		{719C1794-50A0-44E9-95EC-7378AB43BA10}.Debug|Any CPU.ActiveCfg = Debug|Any CPU
		{719C1794-50A0-44E9-95EC-7378AB43BA10}.Debug|Any CPU.Build.0 = Debug|Any CPU
		{719C1794-50A0-44E9-95EC-7378AB43BA10}.Release|Any CPU.ActiveCfg = Release|Any CPU
		{719C1794-50A0-44E9-95EC-7378AB43BA10}.Release|Any CPU.Build.0 = Release|Any CPU
	EndGlobalSection
	GlobalSection(SolutionProperties) = preSolution
		HideSolutionNode = FALSE
	EndGlobalSection
	GlobalSection(ExtensibilityGlobals) = postSolution
		SolutionGuid = {CC8B33F4-1BDA-4802-BD64-DFA9BF37657C}
	EndGlobalSection
EndGlobal
